
Microsoft Visual Studio Solution File, Format Version 12.00
# Visual Studio 2013
VisualStudioVersion = 12.0.21005.1
MinimumVisualStudioVersion = 10.0.40219.1
Project("{8BC9CEB8-8B4A-11D0-8D11-00A0C91BC942}") = "BP", "BP\BP.vcxproj", "{9A46025C-F8B1-4B11-89FF-CF8CB1974049}"
EndProject
Global
	GlobalSection(SolutionConfigurationPlatforms) = preSolution
		CD_ROM|Win32 = CD_ROM|Win32
		Debug|Win32 = Debug|Win32
		DVD-5|Win32 = DVD-5|Win32
		Release|Win32 = Release|Win32
		SingleImage|Win32 = SingleImage|Win32
	EndGlobalSection
	GlobalSection(ProjectConfigurationPlatforms) = postSolution
		{9A46025C-F8B1-4B11-89FF-CF8CB1974049}.CD_ROM|Win32.ActiveCfg = Release|Win32
		{9A46025C-F8B1-4B11-89FF-CF8CB1974049}.CD_ROM|Win32.Build.0 = Release|Win32
		{9A46025C-F8B1-4B11-89FF-CF8CB1974049}.Debug|Win32.ActiveCfg = Debug|Win32
		{9A46025C-F8B1-4B11-89FF-CF8CB1974049}.Debug|Win32.Build.0 = Debug|Win32
		{9A46025C-F8B1-4B11-89FF-CF8CB1974049}.DVD-5|Win32.ActiveCfg = Debug|Win32
		{9A46025C-F8B1-4B11-89FF-CF8CB1974049}.DVD-5|Win32.Build.0 = Debug|Win32
		{9A46025C-F8B1-4B11-89FF-CF8CB1974049}.Release|Win32.ActiveCfg = Release|Win32
		{9A46025C-F8B1-4B11-89FF-CF8CB1974049}.Release|Win32.Build.0 = Release|Win32
		{9A46025C-F8B1-4B11-89FF-CF8CB1974049}.SingleImage|Win32.ActiveCfg = Release|Win32
		{9A46025C-F8B1-4B11-89FF-CF8CB1974049}.SingleImage|Win32.Build.0 = Release|Win32
	EndGlobalSection
	GlobalSection(SolutionProperties) = preSolution
		HideSolutionNode = FALSE
	EndGlobalSection
EndGlobal
